
Microsoft Visual Studio Solution File, Format Version 12.00
# Visual Studio Version 16
VisualStudioVersion = 16.0.29609.76
MinimumVisualStudioVersion = 10.0.40219.1
Project("{FAE04EC0-301F-11D3-BF4B-00C04F79EFBC}") = "BlogApp", "BlogApp\BlogApp.csproj", "{6E37EC11-DC7E-440A-AD9D-005B8A3C80C4}"
EndProject
Project("{FAE04EC0-301F-11D3-BF4B-00C04F79EFBC}") = "BlogDAL", "BlogDAL\BlogDAL.csproj", "{04781798-7402-4BDE-82FF-A5C9DC2ACAB4}"
EndProject
Project("{FAE04EC0-301F-11D3-BF4B-00C04F79EFBC}") = "BlogBL", "BlogBL\BlogBL.csproj", "{E4BFDAEB-FA9F-4C3B-8714-015D77ACD937}"
EndProject
Project("{FAE04EC0-301F-11D3-BF4B-00C04F79EFBC}") = "BlogWebAPI", "BlogWebAPI\BlogWebAPI.csproj", "{489AF073-43CC-46A0-9FF5-072810DE314E}"
EndProject
Global
	GlobalSection(SolutionConfigurationPlatforms) = preSolution
		Debug|Any CPU = Debug|Any CPU
		Release|Any CPU = Release|Any CPU
	EndGlobalSection
	GlobalSection(ProjectConfigurationPlatforms) = postSolution
		{6E37EC11-DC7E-440A-AD9D-005B8A3C80C4}.Debug|Any CPU.ActiveCfg = Debug|Any CPU
		{6E37EC11-DC7E-440A-AD9D-005B8A3C80C4}.Debug|Any CPU.Build.0 = Debug|Any CPU
		{6E37EC11-DC7E-440A-AD9D-005B8A3C80C4}.Release|Any CPU.ActiveCfg = Release|Any CPU
		{6E37EC11-DC7E-440A-AD9D-005B8A3C80C4}.Release|Any CPU.Build.0 = Release|Any CPU
		{04781798-7402-4BDE-82FF-A5C9DC2ACAB4}.Debug|Any CPU.ActiveCfg = Debug|Any CPU
		{04781798-7402-4BDE-82FF-A5C9DC2ACAB4}.Debug|Any CPU.Build.0 = Debug|Any CPU
		{04781798-7402-4BDE-82FF-A5C9DC2ACAB4}.Release|Any CPU.ActiveCfg = Release|Any CPU
		{04781798-7402-4BDE-82FF-A5C9DC2ACAB4}.Release|Any CPU.Build.0 = Release|Any CPU
		{E4BFDAEB-FA9F-4C3B-8714-015D77ACD937}.Debug|Any CPU.ActiveCfg = Debug|Any CPU
		{E4BFDAEB-FA9F-4C3B-8714-015D77ACD937}.Debug|Any CPU.Build.0 = Debug|Any CPU
		{E4BFDAEB-FA9F-4C3B-8714-015D77ACD937}.Release|Any CPU.ActiveCfg = Release|Any CPU
		{E4BFDAEB-FA9F-4C3B-8714-015D77ACD937}.Release|Any CPU.Build.0 = Release|Any CPU
		{489AF073-43CC-46A0-9FF5-072810DE314E}.Debug|Any CPU.ActiveCfg = Debug|Any CPU
		{489AF073-43CC-46A0-9FF5-072810DE314E}.Debug|Any CPU.Build.0 = Debug|Any CPU
		{489AF073-43CC-46A0-9FF5-072810DE314E}.Release|Any CPU.ActiveCfg = Release|Any CPU
		{489AF073-43CC-46A0-9FF5-072810DE314E}.Release|Any CPU.Build.0 = Release|Any CPU
	EndGlobalSection
	GlobalSection(SolutionProperties) = preSolution
		HideSolutionNode = FALSE
	EndGlobalSection
	GlobalSection(ExtensibilityGlobals) = postSolution
		SolutionGuid = {4EEE1DA2-5D6E-4D1E-8213-BD275801B98A}
	EndGlobalSection
EndGlobal
